
Microsoft Visual Studio Solution File, Format Version 12.00
# Visual Studio Version 16
VisualStudioVersion = 16.0.31112.23
MinimumVisualStudioVersion = 10.0.40219.1
Project("{FAE04EC0-301F-11D3-BF4B-00C04F79EFBC}") = "u21544931__HW03", "HW3\u21544931__HW03.csproj", "{C95DA8EA-1E26-4666-9963-C46FFCB7456A}"
EndProject
Global
	GlobalSection(SolutionConfigurationPlatforms) = preSolution
		Debug|Any CPU = Debug|Any CPU
		Release|Any CPU = Release|Any CPU
	EndGlobalSection
	GlobalSection(ProjectConfigurationPlatforms) = postSolution
		{C95DA8EA-1E26-4666-9963-C46FFCB7456A}.Debug|Any CPU.ActiveCfg = Debug|Any CPU
		{C95DA8EA-1E26-4666-9963-C46FFCB7456A}.Debug|Any CPU.Build.0 = Debug|Any CPU
		{C95DA8EA-1E26-4666-9963-C46FFCB7456A}.Release|Any CPU.ActiveCfg = Release|Any CPU
		{C95DA8EA-1E26-4666-9963-C46FFCB7456A}.Release|Any CPU.Build.0 = Release|Any CPU
	EndGlobalSection
	GlobalSection(SolutionProperties) = preSolution
		HideSolutionNode = FALSE
	EndGlobalSection
	GlobalSection(ExtensibilityGlobals) = postSolution
		SolutionGuid = {855083B6-1182-46EF-A29F-254C6CCF908E}
	EndGlobalSection
EndGlobal
